<?xml version="1.0" encoding="utf-8"?>
<Project ToolsVersion="4.0" xmlns="http://schemas.microsoft.com/developer/msbuild/2003">
  <ItemGroup>
    <Filter Include="Source Files">
      <UniqueIdentifier>{4FC737F1-C7A5-4376-A066-2A32D752A2FF}</UniqueIdentifier>
      <Extensions>cpp;c;cc;cxx;def;odl;idl;hpj;bat;asm;asmx</Extensions>
    </Filter>
    <Filter Include="Header Files">
      <UniqueIdentifier>{93995380-89BD-4b04-88EB-625FBE52EBFB}</UniqueIdentifier>
      <Extensions>h;hh;hpp;hxx;hm;inl;inc;xsd</Extensions>
    </Filter>
    <Filter Include="Resource Files">
      <UniqueIdentifier>{67DA6AB6-F800-4c08-8B7A-83BB121AAD01}</UniqueIdentifier>
      <Extensions>rc;ico;cur;bmp;dlg;rc2;rct;bin;rgs;gif;jpg;jpeg;jpe;resx;tiff;tif;png;wav;mfcribbon-ms</Extensions>
    </Filter>
    <Filter Include="Resource Files\IMGUI">
      <UniqueIdentifier>{3ffc1d6d-3ca9-4a78-9c7c-160c7151da52}</UniqueIdentifier>
    </Filter>
    <Filter Include="Header Files\Reigstration">
      <UniqueIdentifier>{d6be3abf-9b99-4a0a-9d51-e30cc11b5a80}</UniqueIdentifier>
    </Filter>
    <Filter Include="Header Files\Feature">
      <UniqueIdentifier>{fafdc2fe-9f36-4872-a6c2-c7ab57401793}</UniqueIdentifier>
    </Filter>
    <Filter Include="Header Files\Corresponedence">
      <UniqueIdentifier>{792a423a-1adc-4768-aa29-182c215bdac6}</UniqueIdentifier>
    </Filter>
    <Filter Include="Header Files\Utils">
      <UniqueIdentifier>{a177ca7c-3d9f-4050-8055-563327626e8e}</UniqueIdentifier>
    </Filter>
    <Filter Include="Shaders">
      <UniqueIdentifier>{05d28844-505c-4181-b073-fb3e904b07da}</UniqueIdentifier>
    </Filter>
    <Filter Include="Kernels">
      <UniqueIdentifier>{4a5ff293-92dc-47b0-b56d-d79b5bb48961}</UniqueIdentifier>
    </Filter>
  </ItemGroup>
  <ItemGroup>
    <ClCompile Include="Main.cpp">
      <Filter>Source Files</Filter>
    </ClCompile>
    <ClCompile Include="IMGUI\imgui_demo.cpp">
      <Filter>Resource Files\IMGUI</Filter>
    </ClCompile>
    <ClCompile Include="IMGUI\imgui_draw.cpp">
      <Filter>Resource Files\IMGUI</Filter>
    </ClCompile>
    <ClCompile Include="IMGUI\imgui_impl_glut.cpp">
      <Filter>Resource Files\IMGUI</Filter>
    </ClCompile>
    <ClCompile Include="IMGUI\imgui.cpp">
      <Filter>Resource Files\IMGUI</Filter>
    </ClCompile>
  </ItemGroup>
  <ItemGroup>
    <ClInclude Include="camera.h">
      <Filter>Header Files</Filter>
    </ClInclude>
    <ClInclude Include="RenderPipeline.h">
      <Filter>Header Files</Filter>
    </ClInclude>
    <ClInclude Include="IMGUI\imgui_impl_glut.h">
      <Filter>Resource Files\IMGUI</Filter>
    </ClInclude>
    <ClInclude Include="IMGUI\imgui_internal.h">
      <Filter>Resource Files\IMGUI</Filter>
    </ClInclude>
    <ClInclude Include="IMGUI\stb_rect_pack.h">
      <Filter>Resource Files\IMGUI</Filter>
    </ClInclude>
    <ClInclude Include="IMGUI\stb_textedit.h">
      <Filter>Resource Files\IMGUI</Filter>
    </ClInclude>
    <ClInclude Include="IMGUI\stb_truetype.h">
      <Filter>Resource Files\IMGUI</Filter>
    </ClInclude>
    <ClInclude Include="IMGUI\imconfig.h">
      <Filter>Resource Files\IMGUI</Filter>
    </ClInclude>
    <ClInclude Include="IMGUI\imgui.h">
      <Filter>Resource Files\IMGUI</Filter>
    </ClInclude>
    <ClInclude Include="CLutils.h">
      <Filter>Header Files</Filter>
    </ClInclude>
    <ClInclude Include="FastGlobalRegistration.h">
      <Filter>Header Files\Reigstration</Filter>
    </ClInclude>
    <ClInclude Include="FPFH.h">
      <Filter>Header Files\Corresponedence</Filter>
    </ClInclude>
    <ClInclude Include="ModelLoader.h">
      <Filter>Header Files\Utils</Filter>
    </ClInclude>
    <ClInclude Include="Eigen_op.h">
      <Filter>Header Files\Utils</Filter>
    </ClInclude>
    <ClInclude Include="GLobjects.h">
      <Filter>Header Files\Utils</Filter>
    </ClInclude>
    <ClInclude Include="RenderUtils.h">
      <Filter>Header Files\Utils</Filter>
    </ClInclude>
  </ItemGroup>
  <ItemGroup>
    <None Include="IMGUI\imgui.ini">
      <Filter>Resource Files\IMGUI</Filter>
    </None>
  </ItemGroup>
</Project>